
Microsoft Visual Studio Solution File, Format Version 12.00
# Visual Studio Version 17
VisualStudioVersion = 17.7.34003.232
MinimumVisualStudioVersion = 10.0.40219.1
Project("{00D1A9C2-B5F0-4AF3-8072-F6C62B433612}") = "ReactASPNETCoreDatabase", "ReactASPNETCoreDatabase\ReactASPNETCoreDatabase.sqlproj", "{34F089AF-9F6E-4AD6-8501-217B1681C6DD}"
EndProject
Global
	GlobalSection(SolutionConfigurationPlatforms) = preSolution
		Debug|Any CPU = Debug|Any CPU
		Release|Any CPU = Release|Any CPU
	EndGlobalSection
	GlobalSection(ProjectConfigurationPlatforms) = postSolution
		{34F089AF-9F6E-4AD6-8501-217B1681C6DD}.Debug|Any CPU.ActiveCfg = Debug|Any CPU
		{34F089AF-9F6E-4AD6-8501-217B1681C6DD}.Debug|Any CPU.Build.0 = Debug|Any CPU
		{34F089AF-9F6E-4AD6-8501-217B1681C6DD}.Debug|Any CPU.Deploy.0 = Debug|Any CPU
		{34F089AF-9F6E-4AD6-8501-217B1681C6DD}.Release|Any CPU.ActiveCfg = Release|Any CPU
		{34F089AF-9F6E-4AD6-8501-217B1681C6DD}.Release|Any CPU.Build.0 = Release|Any CPU
		{34F089AF-9F6E-4AD6-8501-217B1681C6DD}.Release|Any CPU.Deploy.0 = Release|Any CPU
	EndGlobalSection
	GlobalSection(SolutionProperties) = preSolution
		HideSolutionNode = FALSE
	EndGlobalSection
	GlobalSection(ExtensibilityGlobals) = postSolution
		SolutionGuid = {FE662F2B-F6E5-43EE-BDAF-8267158F6877}
	EndGlobalSection
EndGlobal
